
Microsoft Visual Studio Solution File, Format Version 12.00
# Visual Studio Version 16
VisualStudioVersion = 16.0.30114.105
MinimumVisualStudioVersion = 10.0.40219.1
Project("{2150E333-8FDC-42A3-9474-1A3956D46DE8}") = "samples", "samples", "{0FC29994-CD53-4976-BA6E-E59E5B20C975}"
EndProject
Project("{FAE04EC0-301F-11D3-BF4B-00C04F79EFBC}") = "BuildSharp.AspNetCore.WebApi", "samples\BuildSharp.AspNetCore.WebApi\BuildSharp.AspNetCore.WebApi.csproj", "{9D729CAC-5406-42CA-BD42-7D2F82992ACC}"
EndProject
Project("{2150E333-8FDC-42A3-9474-1A3956D46DE8}") = "src", "src", "{EB72A81E-9785-49DE-8C14-A20C9E33C3CE}"
EndProject
Project("{FAE04EC0-301F-11D3-BF4B-00C04F79EFBC}") = "BuildSharp.Tools", "src\BuildSharp.Tools\BuildSharp.Tools.csproj", "{0BD0D443-1F6A-4E82-887C-8800C18DB713}"
EndProject
Project("{FAE04EC0-301F-11D3-BF4B-00C04F79EFBC}") = "BuildSharp.NetCore", "src\BuildSharp.NetCore\BuildSharp.NetCore.csproj", "{0ACCEC36-BED0-4ABF-BA0C-9B03D45F1451}"
EndProject
Global
	GlobalSection(SolutionConfigurationPlatforms) = preSolution
		Debug|Any CPU = Debug|Any CPU
		Release|Any CPU = Release|Any CPU
	EndGlobalSection
	GlobalSection(SolutionProperties) = preSolution
		HideSolutionNode = FALSE
	EndGlobalSection
	GlobalSection(ProjectConfigurationPlatforms) = postSolution
		{9D729CAC-5406-42CA-BD42-7D2F82992ACC}.Debug|Any CPU.ActiveCfg = Debug|Any CPU
		{9D729CAC-5406-42CA-BD42-7D2F82992ACC}.Debug|Any CPU.Build.0 = Debug|Any CPU
		{9D729CAC-5406-42CA-BD42-7D2F82992ACC}.Release|Any CPU.ActiveCfg = Release|Any CPU
		{9D729CAC-5406-42CA-BD42-7D2F82992ACC}.Release|Any CPU.Build.0 = Release|Any CPU
		{0BD0D443-1F6A-4E82-887C-8800C18DB713}.Debug|Any CPU.ActiveCfg = Debug|Any CPU
		{0BD0D443-1F6A-4E82-887C-8800C18DB713}.Debug|Any CPU.Build.0 = Debug|Any CPU
		{0BD0D443-1F6A-4E82-887C-8800C18DB713}.Release|Any CPU.ActiveCfg = Release|Any CPU
		{0BD0D443-1F6A-4E82-887C-8800C18DB713}.Release|Any CPU.Build.0 = Release|Any CPU
		{0ACCEC36-BED0-4ABF-BA0C-9B03D45F1451}.Debug|Any CPU.ActiveCfg = Debug|Any CPU
		{0ACCEC36-BED0-4ABF-BA0C-9B03D45F1451}.Debug|Any CPU.Build.0 = Debug|Any CPU
		{0ACCEC36-BED0-4ABF-BA0C-9B03D45F1451}.Release|Any CPU.ActiveCfg = Release|Any CPU
		{0ACCEC36-BED0-4ABF-BA0C-9B03D45F1451}.Release|Any CPU.Build.0 = Release|Any CPU
	EndGlobalSection
	GlobalSection(NestedProjects) = preSolution
		{9D729CAC-5406-42CA-BD42-7D2F82992ACC} = {0FC29994-CD53-4976-BA6E-E59E5B20C975}
		{0BD0D443-1F6A-4E82-887C-8800C18DB713} = {EB72A81E-9785-49DE-8C14-A20C9E33C3CE}
		{0ACCEC36-BED0-4ABF-BA0C-9B03D45F1451} = {EB72A81E-9785-49DE-8C14-A20C9E33C3CE}
	EndGlobalSection
EndGlobal
